<?xml version="1.0" encoding="utf-8"?>
<Project ToolsVersion="4.0" xmlns="http://schemas.microsoft.com/developer/msbuild/2003">
  <ItemGroup>
    <Filter Include="Source Files">
      <UniqueIdentifier>{4FC737F1-C7A5-4376-A066-2A32D752A2FF}</UniqueIdentifier>
      <Extensions>cpp;c;cc;cxx;def;odl;idl;hpj;bat;asm;asmx</Extensions>
    </Filter>
    <Filter Include="Header Files">
      <UniqueIdentifier>{93995380-89BD-4b04-88EB-625FBE52EBFB}</UniqueIdentifier>
      <Extensions>h;hpp;hxx;hm;inl;inc;xsd</Extensions>
    </Filter>
    <Filter Include="Resource Files">
      <UniqueIdentifier>{67DA6AB6-F800-4c08-8B7A-83BB121AAD01}</UniqueIdentifier>
      <Extensions>rc;ico;cur;bmp;dlg;rc2;rct;bin;rgs;gif;jpg;jpeg;jpe;resx;tiff;tif;png;wav;mfcribbon-ms</Extensions>
    </Filter>
    <Filter Include="Common">
      <UniqueIdentifier>{f20de982-c558-4e27-b426-cfacb3b752f2}</UniqueIdentifier>
    </Filter>
  </ItemGroup>
  <ItemGroup>
    <ClInclude Include="Stdafx.h">
      <Filter>Header Files</Filter>
    </ClInclude>
    <ClInclude Include="resource.h">
      <Filter>Header Files</Filter>
    </ClInclude>
    <ClInclude Include="form_debugTerminal.h">
      <Filter>Header Files</Filter>
    </ClInclude>
    <ClInclude Include="class_childWindow.h">
      <Filter>Header Files</Filter>
    </ClInclude>
    <ClInclude Include="tcpSocketTerminal.h">
      <Filter>Header Files</Filter>
    </ClInclude>
    <ClInclude Include="ModelessMessageBox.h">
      <Filter>Header Files</Filter>
    </ClInclude>
    <ClInclude Include="..\..\..\Common\file\iniprofile.h">
      <Filter>Common</Filter>
    </ClInclude>
    <ClInclude Include="..\..\..\Common\string\wctStringList.h">
      <Filter>Common</Filter>
    </ClInclude>
    <ClInclude Include="..\..\..\Common\string\wctString.h">
      <Filter>Common</Filter>
    </ClInclude>
    <ClInclude Include="..\..\..\Common\protocol\mrt_X01netc.h">
      <Filter>Common</Filter>
    </ClInclude>
    <ClInclude Include="..\..\..\Common\fifo\lcircbuf.h">
      <Filter>Common</Filter>
    </ClInclude>
    <ClInclude Include="..\..\..\Common\protocol\CRCCCITT.H">
      <Filter>Common</Filter>
    </ClInclude>
    <ClInclude Include="..\..\..\Common\clib\numberConversion.h">
      <Filter>Common</Filter>
    </ClInclude>
    <ClInclude Include="..\..\..\Common\string\wctStringFifo.h">
      <Filter>Common</Filter>
    </ClInclude>
    <ClInclude Include="..\..\..\Common\string\stringconversion.h">
      <Filter>Common</Filter>
    </ClInclude>
    <ClInclude Include="..\..\..\Common\tcp\tcpCommon.h">
      <Filter>Common</Filter>
    </ClInclude>
    <ClInclude Include="tcpClientTerminal.h">
      <Filter>Header Files</Filter>
    </ClInclude>
    <ClInclude Include="form_TCPsocketStatus.h">
      <Filter>Header Files</Filter>
    </ClInclude>
    <ClInclude Include="class_TCPsocketList.h">
      <Filter>Header Files</Filter>
    </ClInclude>
    <ClInclude Include="popUpMsgWindow.h">
      <Filter>Header Files</Filter>
    </ClInclude>
    <ClInclude Include="dlg_accessibilityPasswordDialog.h">
      <Filter>Header Files</Filter>
    </ClInclude>
    <ClInclude Include="class_TCPsocket.h">
      <Filter>Header Files</Filter>
    </ClInclude>
    <ClInclude Include="class_TCPclient.h">
      <Filter>Header Files</Filter>
    </ClInclude>
    <ClInclude Include="class_TCPserver.h">
      <Filter>Header Files</Filter>
    </ClInclude>
    <ClInclude Include="common_ClassLib.h">
      <Filter>Header Files</Filter>
    </ClInclude>
    <ClInclude Include="class_SQLfunc.h">
      <Filter>Header Files</Filter>
    </ClInclude>
    <ClInclude Include="form_RichEditTerminal.h">
      <Filter>Header Files</Filter>
    </ClInclude>
    <ClInclude Include="form_HostnameMRTonline.h">
      <Filter>Header Files</Filter>
    </ClInclude>
    <ClInclude Include="class_HostnameMRTonline.h">
      <Filter>Header Files</Filter>
    </ClInclude>
    <ClInclude Include="SQLfunc_common.h">
      <Filter>Header Files</Filter>
    </ClInclude>
    <ClInclude Include="..\..\..\Common\socket\isocket.h">
      <Filter>Common</Filter>
    </ClInclude>
    <ClInclude Include="..\..\..\Common\socket\socketfunction.h">
      <Filter>Common</Filter>
    </ClInclude>
    <ClInclude Include="..\..\..\Common\os\registry.h">
      <Filter>Common</Filter>
    </ClInclude>
    <ClInclude Include="..\..\..\Common\computer\computerhardware.h">
      <Filter>Common</Filter>
    </ClInclude>
    <ClInclude Include="dlg_RichEditTerminalSetting.h">
      <Filter>Header Files</Filter>
    </ClInclude>
    <ClInclude Include="SyntaxColoring_array.h">
      <Filter>Header Files</Filter>
    </ClInclude>
  </ItemGroup>
  <ItemGroup>
    <ClCompile Include="AssemblyInfo.cpp">
      <Filter>Source Files</Filter>
    </ClCompile>
    <ClCompile Include="Stdafx.cpp">
      <Filter>Source Files</Filter>
    </ClCompile>
    <ClCompile Include="form_debugTerminal.cpp">
      <Filter>Source Files</Filter>
    </ClCompile>
    <ClCompile Include="class_childWindow.cpp">
      <Filter>Source Files</Filter>
    </ClCompile>
    <ClCompile Include="tcpSocketTerminal.cpp">
      <Filter>Source Files</Filter>
    </ClCompile>
    <ClCompile Include="ModelessMessageBox.cpp">
      <Filter>Source Files</Filter>
    </ClCompile>
    <ClCompile Include="..\..\..\Common\file\iniprofile.cpp">
      <Filter>Common</Filter>
    </ClCompile>
    <ClCompile Include="..\..\..\Common\string\wctStringList.cpp">
      <Filter>Common</Filter>
    </ClCompile>
    <ClCompile Include="..\..\..\Common\string\wctString.cpp">
      <Filter>Common</Filter>
    </ClCompile>
    <ClCompile Include="..\..\..\Common\protocol\mrt_X01netc.cpp">
      <Filter>Common</Filter>
    </ClCompile>
    <ClCompile Include="..\..\..\Common\fifo\lcircbuf.cpp">
      <Filter>Common</Filter>
    </ClCompile>
    <ClCompile Include="..\..\..\Common\protocol\CRCCCITT.CPP">
      <Filter>Common</Filter>
    </ClCompile>
    <ClCompile Include="..\..\..\Common\clib\numberConversion.CPP">
      <Filter>Common</Filter>
    </ClCompile>
    <ClCompile Include="..\..\..\Common\string\wctStringFifo.cpp">
      <Filter>Common</Filter>
    </ClCompile>
    <ClCompile Include="..\..\..\Common\string\stringconversion.cpp">
      <Filter>Common</Filter>
    </ClCompile>
    <ClCompile Include="..\..\..\Common\tcp\tcpCommon.cpp">
      <Filter>Common</Filter>
    </ClCompile>
    <ClCompile Include="tcpClientTerminal.cpp">
      <Filter>Source Files</Filter>
    </ClCompile>
    <ClCompile Include="form_TCPsocketStatus.cpp">
      <Filter>Source Files</Filter>
    </ClCompile>
    <ClCompile Include="class_TCPsocketList.cpp">
      <Filter>Source Files</Filter>
    </ClCompile>
    <ClCompile Include="popUpMsgWindow.cpp">
      <Filter>Source Files</Filter>
    </ClCompile>
    <ClCompile Include="dlg_accessibilityPasswordDialog.cpp">
      <Filter>Source Files</Filter>
    </ClCompile>
    <ClCompile Include="class_TCPsocket.cpp">
      <Filter>Source Files</Filter>
    </ClCompile>
    <ClCompile Include="class_TCPclient.cpp">
      <Filter>Source Files</Filter>
    </ClCompile>
    <ClCompile Include="class_TCPserver.cpp">
      <Filter>Source Files</Filter>
    </ClCompile>
    <ClCompile Include="common_ClassLib.cpp">
      <Filter>Source Files</Filter>
    </ClCompile>
    <ClCompile Include="class_SQLfunc.cpp">
      <Filter>Source Files</Filter>
    </ClCompile>
    <ClCompile Include="..\..\..\Common\file\class_processError.cpp">
      <Filter>Common</Filter>
    </ClCompile>
    <ClCompile Include="form_RichEditTerminal.cpp">
      <Filter>Source Files</Filter>
    </ClCompile>
    <ClCompile Include="form_HostnameMRTonline.cpp">
      <Filter>Header Files</Filter>
    </ClCompile>
    <ClCompile Include="class_HostnameMRTonline.cpp">
      <Filter>Header Files</Filter>
    </ClCompile>
    <ClCompile Include="SQLfunc_common.cpp">
      <Filter>Header Files</Filter>
    </ClCompile>
    <ClCompile Include="..\..\..\Common\socket\isocket.cpp">
      <Filter>Common</Filter>
    </ClCompile>
    <ClCompile Include="..\..\..\Common\socket\socketfunction.cpp">
      <Filter>Common</Filter>
    </ClCompile>
    <ClCompile Include="..\..\..\Common\os\registry.cpp">
      <Filter>Common</Filter>
    </ClCompile>
    <ClCompile Include="..\..\..\Common\computer\computerhardware.cpp">
      <Filter>Common</Filter>
    </ClCompile>
    <ClCompile Include="dlg_RichEditTerminalSetting.cpp">
      <Filter>Source Files</Filter>
    </ClCompile>
    <ClCompile Include="SyntaxColoring_array.cpp">
      <Filter>Header Files</Filter>
    </ClCompile>
  </ItemGroup>
  <ItemGroup>
    <None Include="ReadMe.txt" />
    <None Include="app.ico">
      <Filter>Resource Files</Filter>
    </None>
  </ItemGroup>
  <ItemGroup>
    <ResourceCompile Include="app.rc">
      <Filter>Resource Files</Filter>
    </ResourceCompile>
  </ItemGroup>
  <ItemGroup>
    <EmbeddedResource Include="form_debugTerminal.resx">
      <Filter>Resource Files</Filter>
    </EmbeddedResource>
    <EmbeddedResource Include="ModelessMessageBox.resx">
      <Filter>Resource Files</Filter>
    </EmbeddedResource>
    <EmbeddedResource Include="tcpSocketTerminal.resx">
      <Filter>Resource Files</Filter>
    </EmbeddedResource>
    <EmbeddedResource Include="form_TCPsocketStatus.resx">
      <Filter>Resource Files</Filter>
    </EmbeddedResource>
    <EmbeddedResource Include="popUpMsgWindow.resx">
      <Filter>Resource Files</Filter>
    </EmbeddedResource>
    <EmbeddedResource Include="tcpClientTerminal.resx">
      <Filter>Resource Files</Filter>
    </EmbeddedResource>
    <EmbeddedResource Include="dlg_accessibilityPasswordDialog.resx">
      <Filter>Resource Files</Filter>
    </EmbeddedResource>
    <EmbeddedResource Include="form_RichEditTerminal.resx">
      <Filter>Resource Files</Filter>
    </EmbeddedResource>
    <EmbeddedResource Include="form_HostnameMRTonline.resx">
      <Filter>Resource Files</Filter>
    </EmbeddedResource>
  </ItemGroup>
</Project>